
Microsoft Visual Studio Solution File, Format Version 12.00
# Visual Studio Version 17
VisualStudioVersion = 17.3.32901.215
MinimumVisualStudioVersion = 10.0.40219.1
Project("{8BC9CEB8-8B4A-11D0-8D11-00A0C91BC942}") = "C++_09_20_4", "C++_09_20_4.vcxproj", "{EB029F79-2764-4D73-B4C3-4F19F3CEE455}"
EndProject
Global
	GlobalSection(SolutionConfigurationPlatforms) = preSolution
		Debug|x64 = Debug|x64
		Debug|x86 = Debug|x86
		Release|x64 = Release|x64
		Release|x86 = Release|x86
	EndGlobalSection
	GlobalSection(ProjectConfigurationPlatforms) = postSolution
		{EB029F79-2764-4D73-B4C3-4F19F3CEE455}.Debug|x64.ActiveCfg = Debug|x64
		{EB029F79-2764-4D73-B4C3-4F19F3CEE455}.Debug|x64.Build.0 = Debug|x64
		{EB029F79-2764-4D73-B4C3-4F19F3CEE455}.Debug|x86.ActiveCfg = Debug|Win32
		{EB029F79-2764-4D73-B4C3-4F19F3CEE455}.Debug|x86.Build.0 = Debug|Win32
		{EB029F79-2764-4D73-B4C3-4F19F3CEE455}.Release|x64.ActiveCfg = Release|x64
		{EB029F79-2764-4D73-B4C3-4F19F3CEE455}.Release|x64.Build.0 = Release|x64
		{EB029F79-2764-4D73-B4C3-4F19F3CEE455}.Release|x86.ActiveCfg = Release|Win32
		{EB029F79-2764-4D73-B4C3-4F19F3CEE455}.Release|x86.Build.0 = Release|Win32
	EndGlobalSection
	GlobalSection(SolutionProperties) = preSolution
		HideSolutionNode = FALSE
	EndGlobalSection
	GlobalSection(ExtensibilityGlobals) = postSolution
		SolutionGuid = {0BAC0B20-5514-4D8A-96DA-9C4192CB374E}
	EndGlobalSection
EndGlobal
