
Microsoft Visual Studio Solution File, Format Version 12.00
# Visual Studio Version 17
VisualStudioVersion = 17.3.32901.215
MinimumVisualStudioVersion = 10.0.40219.1
Project("{8BC9CEB8-8B4A-11D0-8D11-00A0C91BC942}") = "C++_0927", "C++_0927.vcxproj", "{28789523-BA36-4FBA-9195-2B7A0C7F40A5}"
EndProject
Global
	GlobalSection(SolutionConfigurationPlatforms) = preSolution
		Debug|x64 = Debug|x64
		Debug|x86 = Debug|x86
		Release|x64 = Release|x64
		Release|x86 = Release|x86
	EndGlobalSection
	GlobalSection(ProjectConfigurationPlatforms) = postSolution
		{28789523-BA36-4FBA-9195-2B7A0C7F40A5}.Debug|x64.ActiveCfg = Debug|x64
		{28789523-BA36-4FBA-9195-2B7A0C7F40A5}.Debug|x64.Build.0 = Debug|x64
		{28789523-BA36-4FBA-9195-2B7A0C7F40A5}.Debug|x86.ActiveCfg = Debug|Win32
		{28789523-BA36-4FBA-9195-2B7A0C7F40A5}.Debug|x86.Build.0 = Debug|Win32
		{28789523-BA36-4FBA-9195-2B7A0C7F40A5}.Release|x64.ActiveCfg = Release|x64
		{28789523-BA36-4FBA-9195-2B7A0C7F40A5}.Release|x64.Build.0 = Release|x64
		{28789523-BA36-4FBA-9195-2B7A0C7F40A5}.Release|x86.ActiveCfg = Release|Win32
		{28789523-BA36-4FBA-9195-2B7A0C7F40A5}.Release|x86.Build.0 = Release|Win32
	EndGlobalSection
	GlobalSection(SolutionProperties) = preSolution
		HideSolutionNode = FALSE
	EndGlobalSection
	GlobalSection(ExtensibilityGlobals) = postSolution
		SolutionGuid = {95D5CC46-B12F-457B-97BE-D8DAE5727009}
	EndGlobalSection
EndGlobal
