
Microsoft Visual Studio Solution File, Format Version 12.00
# Visual Studio Version 17
VisualStudioVersion = 17.3.32901.215
MinimumVisualStudioVersion = 10.0.40219.1
Project("{8BC9CEB8-8B4A-11D0-8D11-00A0C91BC942}") = "C++_09_27_3", "C++_09_27_3.vcxproj", "{BD8F98ED-6DDA-4749-A383-47164F3DB3C3}"
EndProject
Global
	GlobalSection(SolutionConfigurationPlatforms) = preSolution
		Debug|x64 = Debug|x64
		Debug|x86 = Debug|x86
		Release|x64 = Release|x64
		Release|x86 = Release|x86
	EndGlobalSection
	GlobalSection(ProjectConfigurationPlatforms) = postSolution
		{BD8F98ED-6DDA-4749-A383-47164F3DB3C3}.Debug|x64.ActiveCfg = Debug|x64
		{BD8F98ED-6DDA-4749-A383-47164F3DB3C3}.Debug|x64.Build.0 = Debug|x64
		{BD8F98ED-6DDA-4749-A383-47164F3DB3C3}.Debug|x86.ActiveCfg = Debug|Win32
		{BD8F98ED-6DDA-4749-A383-47164F3DB3C3}.Debug|x86.Build.0 = Debug|Win32
		{BD8F98ED-6DDA-4749-A383-47164F3DB3C3}.Release|x64.ActiveCfg = Release|x64
		{BD8F98ED-6DDA-4749-A383-47164F3DB3C3}.Release|x64.Build.0 = Release|x64
		{BD8F98ED-6DDA-4749-A383-47164F3DB3C3}.Release|x86.ActiveCfg = Release|Win32
		{BD8F98ED-6DDA-4749-A383-47164F3DB3C3}.Release|x86.Build.0 = Release|Win32
	EndGlobalSection
	GlobalSection(SolutionProperties) = preSolution
		HideSolutionNode = FALSE
	EndGlobalSection
	GlobalSection(ExtensibilityGlobals) = postSolution
		SolutionGuid = {F7BED546-2C8F-49E6-BC58-A442D1D2E39B}
	EndGlobalSection
EndGlobal
