
Microsoft Visual Studio Solution File, Format Version 12.00
# Visual Studio Version 17
VisualStudioVersion = 17.3.32922.545
MinimumVisualStudioVersion = 10.0.40219.1
Project("{8BC9CEB8-8B4A-11D0-8D11-00A0C91BC942}") = "C++_10_04_3", "C++_10_04_3.vcxproj", "{FC206919-4FD9-4AAD-9E31-1D7A9BAC3EC4}"
EndProject
Global
	GlobalSection(SolutionConfigurationPlatforms) = preSolution
		Debug|x64 = Debug|x64
		Debug|x86 = Debug|x86
		Release|x64 = Release|x64
		Release|x86 = Release|x86
	EndGlobalSection
	GlobalSection(ProjectConfigurationPlatforms) = postSolution
		{FC206919-4FD9-4AAD-9E31-1D7A9BAC3EC4}.Debug|x64.ActiveCfg = Debug|x64
		{FC206919-4FD9-4AAD-9E31-1D7A9BAC3EC4}.Debug|x64.Build.0 = Debug|x64
		{FC206919-4FD9-4AAD-9E31-1D7A9BAC3EC4}.Debug|x86.ActiveCfg = Debug|Win32
		{FC206919-4FD9-4AAD-9E31-1D7A9BAC3EC4}.Debug|x86.Build.0 = Debug|Win32
		{FC206919-4FD9-4AAD-9E31-1D7A9BAC3EC4}.Release|x64.ActiveCfg = Release|x64
		{FC206919-4FD9-4AAD-9E31-1D7A9BAC3EC4}.Release|x64.Build.0 = Release|x64
		{FC206919-4FD9-4AAD-9E31-1D7A9BAC3EC4}.Release|x86.ActiveCfg = Release|Win32
		{FC206919-4FD9-4AAD-9E31-1D7A9BAC3EC4}.Release|x86.Build.0 = Release|Win32
	EndGlobalSection
	GlobalSection(SolutionProperties) = preSolution
		HideSolutionNode = FALSE
	EndGlobalSection
	GlobalSection(ExtensibilityGlobals) = postSolution
		SolutionGuid = {FD32872B-834E-4AA9-9529-49E3287065E3}
	EndGlobalSection
EndGlobal
