
Microsoft Visual Studio Solution File, Format Version 12.00
# Visual Studio Version 17
VisualStudioVersion = 17.3.32929.385
MinimumVisualStudioVersion = 10.0.40219.1
Project("{8BC9CEB8-8B4A-11D0-8D11-00A0C91BC942}") = "C++_11_01_1", "C++_11_01_1.vcxproj", "{5651E3EF-F4BC-4690-B53B-6A6C3031969E}"
EndProject
Global
	GlobalSection(SolutionConfigurationPlatforms) = preSolution
		Debug|x64 = Debug|x64
		Debug|x86 = Debug|x86
		Release|x64 = Release|x64
		Release|x86 = Release|x86
	EndGlobalSection
	GlobalSection(ProjectConfigurationPlatforms) = postSolution
		{5651E3EF-F4BC-4690-B53B-6A6C3031969E}.Debug|x64.ActiveCfg = Debug|x64
		{5651E3EF-F4BC-4690-B53B-6A6C3031969E}.Debug|x64.Build.0 = Debug|x64
		{5651E3EF-F4BC-4690-B53B-6A6C3031969E}.Debug|x86.ActiveCfg = Debug|Win32
		{5651E3EF-F4BC-4690-B53B-6A6C3031969E}.Debug|x86.Build.0 = Debug|Win32
		{5651E3EF-F4BC-4690-B53B-6A6C3031969E}.Release|x64.ActiveCfg = Release|x64
		{5651E3EF-F4BC-4690-B53B-6A6C3031969E}.Release|x64.Build.0 = Release|x64
		{5651E3EF-F4BC-4690-B53B-6A6C3031969E}.Release|x86.ActiveCfg = Release|Win32
		{5651E3EF-F4BC-4690-B53B-6A6C3031969E}.Release|x86.Build.0 = Release|Win32
	EndGlobalSection
	GlobalSection(SolutionProperties) = preSolution
		HideSolutionNode = FALSE
	EndGlobalSection
	GlobalSection(ExtensibilityGlobals) = postSolution
		SolutionGuid = {57BAF01C-5C81-4C4E-AC15-03DAEB90C6C1}
	EndGlobalSection
EndGlobal
