
Microsoft Visual Studio Solution File, Format Version 12.00
# Visual Studio Version 17
VisualStudioVersion = 17.3.32825.248
MinimumVisualStudioVersion = 10.0.40219.1
Project("{8BC9CEB8-8B4A-11D0-8D11-00A0C91BC942}") = "C++_09_20_3", "C++_09_20_3.vcxproj", "{47077DBE-5553-40E7-8588-061CA02F8D98}"
EndProject
Global
	GlobalSection(SolutionConfigurationPlatforms) = preSolution
		Debug|x64 = Debug|x64
		Debug|x86 = Debug|x86
		Release|x64 = Release|x64
		Release|x86 = Release|x86
	EndGlobalSection
	GlobalSection(ProjectConfigurationPlatforms) = postSolution
		{47077DBE-5553-40E7-8588-061CA02F8D98}.Debug|x64.ActiveCfg = Debug|x64
		{47077DBE-5553-40E7-8588-061CA02F8D98}.Debug|x64.Build.0 = Debug|x64
		{47077DBE-5553-40E7-8588-061CA02F8D98}.Debug|x86.ActiveCfg = Debug|Win32
		{47077DBE-5553-40E7-8588-061CA02F8D98}.Debug|x86.Build.0 = Debug|Win32
		{47077DBE-5553-40E7-8588-061CA02F8D98}.Release|x64.ActiveCfg = Release|x64
		{47077DBE-5553-40E7-8588-061CA02F8D98}.Release|x64.Build.0 = Release|x64
		{47077DBE-5553-40E7-8588-061CA02F8D98}.Release|x86.ActiveCfg = Release|Win32
		{47077DBE-5553-40E7-8588-061CA02F8D98}.Release|x86.Build.0 = Release|Win32
	EndGlobalSection
	GlobalSection(SolutionProperties) = preSolution
		HideSolutionNode = FALSE
	EndGlobalSection
	GlobalSection(ExtensibilityGlobals) = postSolution
		SolutionGuid = {05338FEE-CBEA-494D-8907-75D9EE3A1F50}
	EndGlobalSection
EndGlobal
